
Microsoft Visual Studio Solution File, Format Version 12.00
# Visual Studio 15
VisualStudioVersion = 15.0.27428.2037
MinimumVisualStudioVersion = 10.0.40219.1
Project("{FAE04EC0-301F-11D3-BF4B-00C04F79EFBC}") = "TicTacToeTrainer", "TicTacToeAI\TicTacToeTrainer.csproj", "{1DCE9D08-67B9-406C-BCF9-B08B68157C82}"
EndProject
Project("{FAE04EC0-301F-11D3-BF4B-00C04F79EFBC}") = "AdminTicTacToeAI", "AdminTicTacToeAI\AdminTicTacToeAI.csproj", "{3C93804A-195F-4A7D-92D7-B403D5307000}"
EndProject
Project("{FAE04EC0-301F-11D3-BF4B-00C04F79EFBC}") = "TicTacToeUtils", "TicTacToeUtils\TicTacToeUtils.csproj", "{166EB88B-E5FF-40F1-A38F-5F276692DC8B}"
EndProject
Global
	GlobalSection(SolutionConfigurationPlatforms) = preSolution
		Debug|Any CPU = Debug|Any CPU
		Release|Any CPU = Release|Any CPU
	EndGlobalSection
	GlobalSection(ProjectConfigurationPlatforms) = postSolution
		{1DCE9D08-67B9-406C-BCF9-B08B68157C82}.Debug|Any CPU.ActiveCfg = Debug|Any CPU
		{1DCE9D08-67B9-406C-BCF9-B08B68157C82}.Debug|Any CPU.Build.0 = Debug|Any CPU
		{1DCE9D08-67B9-406C-BCF9-B08B68157C82}.Release|Any CPU.ActiveCfg = Release|Any CPU
		{1DCE9D08-67B9-406C-BCF9-B08B68157C82}.Release|Any CPU.Build.0 = Release|Any CPU
		{3C93804A-195F-4A7D-92D7-B403D5307000}.Debug|Any CPU.ActiveCfg = Debug|Any CPU
		{3C93804A-195F-4A7D-92D7-B403D5307000}.Debug|Any CPU.Build.0 = Debug|Any CPU
		{3C93804A-195F-4A7D-92D7-B403D5307000}.Release|Any CPU.ActiveCfg = Release|Any CPU
		{3C93804A-195F-4A7D-92D7-B403D5307000}.Release|Any CPU.Build.0 = Release|Any CPU
		{166EB88B-E5FF-40F1-A38F-5F276692DC8B}.Debug|Any CPU.ActiveCfg = Debug|Any CPU
		{166EB88B-E5FF-40F1-A38F-5F276692DC8B}.Debug|Any CPU.Build.0 = Debug|Any CPU
		{166EB88B-E5FF-40F1-A38F-5F276692DC8B}.Release|Any CPU.ActiveCfg = Release|Any CPU
		{166EB88B-E5FF-40F1-A38F-5F276692DC8B}.Release|Any CPU.Build.0 = Release|Any CPU
	EndGlobalSection
	GlobalSection(SolutionProperties) = preSolution
		HideSolutionNode = FALSE
	EndGlobalSection
	GlobalSection(ExtensibilityGlobals) = postSolution
		SolutionGuid = {6D35C2F5-9892-47D5-9512-523C59EEBFF4}
	EndGlobalSection
EndGlobal
